FORGE
  remote: https://forgeapi.puppetlabs.com
  specs:
    puppet-nodejs (2.3.0)
      puppetlabs-stdlib (< 5.0.0, >= 4.6.0)
    puppetlabs-apt (2.4.0)
      puppetlabs-stdlib (< 5.0.0, >= 4.13.0)
    puppetlabs-concat (2.2.1)
      puppetlabs-stdlib (< 5.0.0, >= 4.2.0)
    puppetlabs-postgresql (4.9.0)
      puppetlabs-apt (< 3.0.0, >= 1.8.0)
      puppetlabs-concat (< 3.0.0, >= 1.1.0)
      puppetlabs-stdlib (~> 4.0)
    puppetlabs-ruby (0.6.0)
      puppetlabs-stdlib (< 6.0.0, >= 4.6.0)
    puppetlabs-stdlib (4.16.0)
    walkamongus-codedeploy (1.0.1)
      puppetlabs-stdlib (< 5.0.0, >= 3.2.0)

DEPENDENCIES
  puppet-nodejs (= 2.3.0)
  puppetlabs-apt (= 2.4.0)
  puppetlabs-concat (= 2.2.1)
  puppetlabs-postgresql (= 4.9.0)
  puppetlabs-ruby (= 0.6.0)
  puppetlabs-stdlib (= 4.16.0)
  walkamongus-codedeploy (= 1.0.1)

